Microsoft Visual Studio Solution File, Format Version 12.00
# Visual Studio Version 17
VisualStudioVersion = 17.13.35919.96
MinimumVisualStudioVersion = 10.0.40219.1
Project("{FAE04EC0-301F-11D3-BF4B-00C04F79EFBC}") = "AESAlgorithm", "AESAlgorithm\AESAlgorithm.csproj", "{7053C3CC-9390-47BD-AFA9-8ACFFF00B81A}"
EndProject
Global
	GlobalSection(SolutionConfigurationPlatforms) = preSolution
		Debug|Any CPU = Debug|Any CPU
		Release|Any CPU = Release|Any CPU
	EndGlobalSection
	GlobalSection(ProjectConfigurationPlatforms) = postSolution
		{7053C3CC-9390-47BD-AFA9-8ACFFF00B81A}.Debug|Any CPU.ActiveCfg = Debug|Any CPU
		{7053C3CC-9390-47BD-AFA9-8ACFFF00B81A}.Debug|Any CPU.Build.0 = Debug|Any CPU
		{7053C3CC-9390-47BD-AFA9-8ACFFF00B81A}.Release|Any CPU.ActiveCfg = Release|Any CPU
		{7053C3CC-9390-47BD-AFA9-8ACFFF00B81A}.Release|Any CPU.Build.0 = Release|Any CPU
	EndGlobalSection
	GlobalSection(SolutionProperties) = preSolution
		HideSolutionNode = FALSE
	EndGlobalSection
	GlobalSection(ExtensibilityGlobals) = postSolution
		SolutionGuid = {9057D908-BB42-431C-8351-01E5A8EB0901}
	EndGlobalSection
EndGlobal
